
Microsoft Visual Studio Solution File, Format Version 12.00
# Visual Studio 15
VisualStudioVersion = 15.0.27130.2027
MinimumVisualStudioVersion = 10.0.40219.1
Project("{FAE04EC0-301F-11D3-BF4B-00C04F79EFBC}") = "WcfEf", "WcfEf\WcfEf.csproj", "{C859DFC7-E19D-4AD3-9559-50441EB85ADD}"
EndProject
Global
	GlobalSection(SolutionConfigurationPlatforms) = preSolution
		Debug|Any CPU = Debug|Any CPU
		Release|Any CPU = Release|Any CPU
	EndGlobalSection
	GlobalSection(ProjectConfigurationPlatforms) = postSolution
		{C859DFC7-E19D-4AD3-9559-50441EB85ADD}.Debug|Any CPU.ActiveCfg = Debug|Any CPU
		{C859DFC7-E19D-4AD3-9559-50441EB85ADD}.Debug|Any CPU.Build.0 = Debug|Any CPU
		{C859DFC7-E19D-4AD3-9559-50441EB85ADD}.Release|Any CPU.ActiveCfg = Release|Any CPU
		{C859DFC7-E19D-4AD3-9559-50441EB85ADD}.Release|Any CPU.Build.0 = Release|Any CPU
	EndGlobalSection
	GlobalSection(SolutionProperties) = preSolution
		HideSolutionNode = FALSE
	EndGlobalSection
	GlobalSection(ExtensibilityGlobals) = postSolution
		SolutionGuid = {9D5C0690-DB8F-4714-B957-5BB61D168D21}
	EndGlobalSection
EndGlobal
